
Microsoft Visual Studio Solution File, Format Version 12.00
# Visual Studio 15
VisualStudioVersion = 15.0.26228.4
MinimumVisualStudioVersion = 10.0.40219.1
Project("{2150E333-8FDC-42A3-9474-1A3956D46DE8}") = "build", "build", "{09D07360-66CE-4721-8D22-BF74EAF72604}"
	ProjectSection(SolutionItems) = preProject
		build\common.props = build\common.props
		build\dependencies.props = build\dependencies.props
		build\key.snk = build\key.snk
		build\packages.props = build\packages.props
		build\repo.props = build\repo.props
		build\version.props = build\version.props
	EndProjectSection
EndProject
Project("{2150E333-8FDC-42A3-9474-1A3956D46DE8}") = "src", "src", "{630C29B2-7346-47B1-A3AD-B2D8C0464A9A}"
EndProject
Project("{2150E333-8FDC-42A3-9474-1A3956D46DE8}") = "samples", "samples", "{FF6097D2-F92B-4AA8-A547-AE90C25DC7AC}"
EndProject
Project("{2150E333-8FDC-42A3-9474-1A3956D46DE8}") = "Nancy", "Nancy", "{EA16048E-A9C0-4213-8892-491D3049449C}"
EndProject
Project("{2150E333-8FDC-42A3-9474-1A3956D46DE8}") = "Mvc", "Mvc", "{1502EA4B-8F4B-4F0D-B337-33AF09FF660F}"
EndProject
Project("{2150E333-8FDC-42A3-9474-1A3956D46DE8}") = "test", "test", "{96FF51F9-A2F3-4DBB-B825-A3FC16747697}"
EndProject
Project("{9A19103F-16F7-4668-BE54-9A1E7A4F7556}") = "AspNet.Security.OpenIdConnect.Server", "src\AspNet.Security.OpenIdConnect.Server\AspNet.Security.OpenIdConnect.Server.csproj", "{0512E28E-343F-412A-8ADC-0256E07D78DD}"
EndProject
Project("{9A19103F-16F7-4668-BE54-9A1E7A4F7556}") = "Mvc.Client", "samples\Mvc\Mvc.Client\Mvc.Client.csproj", "{68631868-902A-46FB-9A44-BACF1812FBDE}"
EndProject
Project("{9A19103F-16F7-4668-BE54-9A1E7A4F7556}") = "Mvc.Server", "samples\Mvc\Mvc.Server\Mvc.Server.csproj", "{440B6A0C-05F3-4483-B4AA-FB0BC4B239FF}"
EndProject
Project("{9A19103F-16F7-4668-BE54-9A1E7A4F7556}") = "AspNet.Security.OpenIdConnect.Extensions", "src\AspNet.Security.OpenIdConnect.Extensions\AspNet.Security.OpenIdConnect.Extensions.csproj", "{BA895C47-20DA-4A21-924D-5E5768055359}"
EndProject
Project("{9A19103F-16F7-4668-BE54-9A1E7A4F7556}") = "Owin.Security.OpenIdConnect.Extensions", "src\Owin.Security.OpenIdConnect.Extensions\Owin.Security.OpenIdConnect.Extensions.csproj", "{169AF883-34C4-4A39-85F7-13C94AD9D678}"
EndProject
Project("{9A19103F-16F7-4668-BE54-9A1E7A4F7556}") = "Owin.Security.OpenIdConnect.Server", "src\Owin.Security.OpenIdConnect.Server\Owin.Security.OpenIdConnect.Server.csproj", "{84A2AA3D-F33A-4908-AEBE-6653CDA75844}"
EndProject
Project("{9A19103F-16F7-4668-BE54-9A1E7A4F7556}") = "Nancy.Client", "samples\Nancy\Nancy.Client\Nancy.Client.csproj", "{922B11BE-16FF-4CD8-9C42-DD59613C1389}"
EndProject
Project("{9A19103F-16F7-4668-BE54-9A1E7A4F7556}") = "Nancy.Server", "samples\Nancy\Nancy.Server\Nancy.Server.csproj", "{E970D74E-B32C-4323-8A22-92862AEA5344}"
EndProject
Project("{9A19103F-16F7-4668-BE54-9A1E7A4F7556}") = "AspNet.Security.OpenIdConnect.Extensions.Tests", "test\AspNet.Security.OpenIdConnect.Extensions.Tests\AspNet.Security.OpenIdConnect.Extensions.Tests.csproj", "{8F443F73-CA00-425C-B74C-98E0D91DCD71}"
EndProject
Project("{9A19103F-16F7-4668-BE54-9A1E7A4F7556}") = "AspNet.Security.OpenIdConnect.Server.Tests", "test\AspNet.Security.OpenIdConnect.Server.Tests\AspNet.Security.OpenIdConnect.Server.Tests.csproj", "{FAD212A8-1FD4-4E8C-96B2-152F2F1C26F3}"
EndProject
Project("{9A19103F-16F7-4668-BE54-9A1E7A4F7556}") = "Owin.Security.OpenIdConnect.Extensions.Tests", "test\Owin.Security.OpenIdConnect.Extensions.Tests\Owin.Security.OpenIdConnect.Extensions.Tests.csproj", "{88D8F453-51C3-40F2-9C8A-E1F91A7D3C43}"
EndProject
Project("{9A19103F-16F7-4668-BE54-9A1E7A4F7556}") = "Owin.Security.OpenIdConnect.Server.Tests", "test\Owin.Security.OpenIdConnect.Server.Tests\Owin.Security.OpenIdConnect.Server.Tests.csproj", "{5A12ABFF-FC41-43B6-8C57-97309198B6FF}"
EndProject
Project("{9A19103F-16F7-4668-BE54-9A1E7A4F7556}") = "AspNet.Security.OpenIdConnect.Primitives", "src\AspNet.Security.OpenIdConnect.Primitives\AspNet.Security.OpenIdConnect.Primitives.csproj", "{EFC8FA3D-2361-4808-A52C-E1690D41A6D9}"
EndProject
Project("{9A19103F-16F7-4668-BE54-9A1E7A4F7556}") = "AspNet.Security.OpenIdConnect.Primitives.Tests", "test\AspNet.Security.OpenIdConnect.Primitives.Tests\AspNet.Security.OpenIdConnect.Primitives.Tests.csproj", "{7BDA3A43-9335-4004-977A-BFB2EC7683A1}"
EndProject
Project("{9A19103F-16F7-4668-BE54-9A1E7A4F7556}") = "AspNet.Security.OpenIdConnect.Client", "src\AspNet.Security.OpenIdConnect.Client\AspNet.Security.OpenIdConnect.Client.csproj", "{107D65D4-FA06-4B51-88B6-BFE1FDF8972D}"
EndProject
Global
	GlobalSection(SolutionConfigurationPlatforms) = preSolution
		Debug|Any CPU = Debug|Any CPU
		Release|Any CPU = Release|Any CPU
	EndGlobalSection
	GlobalSection(ProjectConfigurationPlatforms) = postSolution
		{0512E28E-343F-412A-8ADC-0256E07D78DD}.Debug|Any CPU.ActiveCfg = Debug|Any CPU
		{0512E28E-343F-412A-8ADC-0256E07D78DD}.Debug|Any CPU.Build.0 = Debug|Any CPU
		{0512E28E-343F-412A-8ADC-0256E07D78DD}.Release|Any CPU.ActiveCfg = Release|Any CPU
		{0512E28E-343F-412A-8ADC-0256E07D78DD}.Release|Any CPU.Build.0 = Release|Any CPU
		{68631868-902A-46FB-9A44-BACF1812FBDE}.Debug|Any CPU.ActiveCfg = Debug|Any CPU
		{68631868-902A-46FB-9A44-BACF1812FBDE}.Debug|Any CPU.Build.0 = Debug|Any CPU
		{68631868-902A-46FB-9A44-BACF1812FBDE}.Release|Any CPU.ActiveCfg = Release|Any CPU
		{68631868-902A-46FB-9A44-BACF1812FBDE}.Release|Any CPU.Build.0 = Release|Any CPU
		{440B6A0C-05F3-4483-B4AA-FB0BC4B239FF}.Debug|Any CPU.ActiveCfg = Debug|Any CPU
		{440B6A0C-05F3-4483-B4AA-FB0BC4B239FF}.Debug|Any CPU.Build.0 = Debug|Any CPU
		{440B6A0C-05F3-4483-B4AA-FB0BC4B239FF}.Release|Any CPU.ActiveCfg = Release|Any CPU
		{440B6A0C-05F3-4483-B4AA-FB0BC4B239FF}.Release|Any CPU.Build.0 = Release|Any CPU
		{BA895C47-20DA-4A21-924D-5E5768055359}.Debug|Any CPU.ActiveCfg = Debug|Any CPU
		{BA895C47-20DA-4A21-924D-5E5768055359}.Debug|Any CPU.Build.0 = Debug|Any CPU
		{BA895C47-20DA-4A21-924D-5E5768055359}.Release|Any CPU.ActiveCfg = Release|Any CPU
		{BA895C47-20DA-4A21-924D-5E5768055359}.Release|Any CPU.Build.0 = Release|Any CPU
		{169AF883-34C4-4A39-85F7-13C94AD9D678}.Debug|Any CPU.ActiveCfg = Debug|Any CPU
		{169AF883-34C4-4A39-85F7-13C94AD9D678}.Debug|Any CPU.Build.0 = Debug|Any CPU
		{169AF883-34C4-4A39-85F7-13C94AD9D678}.Release|Any CPU.ActiveCfg = Release|Any CPU
		{169AF883-34C4-4A39-85F7-13C94AD9D678}.Release|Any CPU.Build.0 = Release|Any CPU
		{84A2AA3D-F33A-4908-AEBE-6653CDA75844}.Debug|Any CPU.ActiveCfg = Debug|Any CPU
		{84A2AA3D-F33A-4908-AEBE-6653CDA75844}.Debug|Any CPU.Build.0 = Debug|Any CPU
		{84A2AA3D-F33A-4908-AEBE-6653CDA75844}.Release|Any CPU.ActiveCfg = Release|Any CPU
		{84A2AA3D-F33A-4908-AEBE-6653CDA75844}.Release|Any CPU.Build.0 = Release|Any CPU
		{922B11BE-16FF-4CD8-9C42-DD59613C1389}.Debug|Any CPU.ActiveCfg = Debug|Any CPU
		{922B11BE-16FF-4CD8-9C42-DD59613C1389}.Debug|Any CPU.Build.0 = Debug|Any CPU
		{922B11BE-16FF-4CD8-9C42-DD59613C1389}.Release|Any CPU.ActiveCfg = Release|Any CPU
		{922B11BE-16FF-4CD8-9C42-DD59613C1389}.Release|Any CPU.Build.0 = Release|Any CPU
		{E970D74E-B32C-4323-8A22-92862AEA5344}.Debug|Any CPU.ActiveCfg = Debug|Any CPU
		{E970D74E-B32C-4323-8A22-92862AEA5344}.Debug|Any CPU.Build.0 = Debug|Any CPU
		{E970D74E-B32C-4323-8A22-92862AEA5344}.Release|Any CPU.ActiveCfg = Release|Any CPU
		{E970D74E-B32C-4323-8A22-92862AEA5344}.Release|Any CPU.Build.0 = Release|Any CPU
		{8F443F73-CA00-425C-B74C-98E0D91DCD71}.Debug|Any CPU.ActiveCfg = Debug|Any CPU
		{8F443F73-CA00-425C-B74C-98E0D91DCD71}.Debug|Any CPU.Build.0 = Debug|Any CPU
		{8F443F73-CA00-425C-B74C-98E0D91DCD71}.Release|Any CPU.ActiveCfg = Release|Any CPU
		{8F443F73-CA00-425C-B74C-98E0D91DCD71}.Release|Any CPU.Build.0 = Release|Any CPU
		{FAD212A8-1FD4-4E8C-96B2-152F2F1C26F3}.Debug|Any CPU.ActiveCfg = Debug|Any CPU
		{FAD212A8-1FD4-4E8C-96B2-152F2F1C26F3}.Debug|Any CPU.Build.0 = Debug|Any CPU
		{FAD212A8-1FD4-4E8C-96B2-152F2F1C26F3}.Release|Any CPU.ActiveCfg = Release|Any CPU
		{FAD212A8-1FD4-4E8C-96B2-152F2F1C26F3}.Release|Any CPU.Build.0 = Release|Any CPU
		{88D8F453-51C3-40F2-9C8A-E1F91A7D3C43}.Debug|Any CPU.ActiveCfg = Debug|Any CPU
		{88D8F453-51C3-40F2-9C8A-E1F91A7D3C43}.Debug|Any CPU.Build.0 = Debug|Any CPU
		{88D8F453-51C3-40F2-9C8A-E1F91A7D3C43}.Release|Any CPU.ActiveCfg = Release|Any CPU
		{88D8F453-51C3-40F2-9C8A-E1F91A7D3C43}.Release|Any CPU.Build.0 = Release|Any CPU
		{5A12ABFF-FC41-43B6-8C57-97309198B6FF}.Debug|Any CPU.ActiveCfg = Debug|Any CPU
		{5A12ABFF-FC41-43B6-8C57-97309198B6FF}.Debug|Any CPU.Build.0 = Debug|Any CPU
		{5A12ABFF-FC41-43B6-8C57-97309198B6FF}.Release|Any CPU.ActiveCfg = Release|Any CPU
		{5A12ABFF-FC41-43B6-8C57-97309198B6FF}.Release|Any CPU.Build.0 = Release|Any CPU
		{EFC8FA3D-2361-4808-A52C-E1690D41A6D9}.Debug|Any CPU.ActiveCfg = Debug|Any CPU
		{EFC8FA3D-2361-4808-A52C-E1690D41A6D9}.Debug|Any CPU.Build.0 = Debug|Any CPU
		{EFC8FA3D-2361-4808-A52C-E1690D41A6D9}.Release|Any CPU.ActiveCfg = Release|Any CPU
		{EFC8FA3D-2361-4808-A52C-E1690D41A6D9}.Release|Any CPU.Build.0 = Release|Any CPU
		{7BDA3A43-9335-4004-977A-BFB2EC7683A1}.Debug|Any CPU.ActiveCfg = Debug|Any CPU
		{7BDA3A43-9335-4004-977A-BFB2EC7683A1}.Debug|Any CPU.Build.0 = Debug|Any CPU
		{7BDA3A43-9335-4004-977A-BFB2EC7683A1}.Release|Any CPU.ActiveCfg = Release|Any CPU
		{7BDA3A43-9335-4004-977A-BFB2EC7683A1}.Release|Any CPU.Build.0 = Release|Any CPU
		{107D65D4-FA06-4B51-88B6-BFE1FDF8972D}.Debug|Any CPU.ActiveCfg = Debug|Any CPU
		{107D65D4-FA06-4B51-88B6-BFE1FDF8972D}.Debug|Any CPU.Build.0 = Debug|Any CPU
		{107D65D4-FA06-4B51-88B6-BFE1FDF8972D}.Release|Any CPU.ActiveCfg = Release|Any CPU
		{107D65D4-FA06-4B51-88B6-BFE1FDF8972D}.Release|Any CPU.Build.0 = Release|Any CPU
	EndGlobalSection
	GlobalSection(SolutionProperties) = preSolution
		HideSolutionNode = FALSE
	EndGlobalSection
	GlobalSection(NestedProjects) = preSolution
		{EA16048E-A9C0-4213-8892-491D3049449C} = {FF6097D2-F92B-4AA8-A547-AE90C25DC7AC}
		{1502EA4B-8F4B-4F0D-B337-33AF09FF660F} = {FF6097D2-F92B-4AA8-A547-AE90C25DC7AC}
		{0512E28E-343F-412A-8ADC-0256E07D78DD} = {630C29B2-7346-47B1-A3AD-B2D8C0464A9A}
		{68631868-902A-46FB-9A44-BACF1812FBDE} = {1502EA4B-8F4B-4F0D-B337-33AF09FF660F}
		{440B6A0C-05F3-4483-B4AA-FB0BC4B239FF} = {1502EA4B-8F4B-4F0D-B337-33AF09FF660F}
		{BA895C47-20DA-4A21-924D-5E5768055359} = {630C29B2-7346-47B1-A3AD-B2D8C0464A9A}
		{169AF883-34C4-4A39-85F7-13C94AD9D678} = {630C29B2-7346-47B1-A3AD-B2D8C0464A9A}
		{84A2AA3D-F33A-4908-AEBE-6653CDA75844} = {630C29B2-7346-47B1-A3AD-B2D8C0464A9A}
		{922B11BE-16FF-4CD8-9C42-DD59613C1389} = {EA16048E-A9C0-4213-8892-491D3049449C}
		{E970D74E-B32C-4323-8A22-92862AEA5344} = {EA16048E-A9C0-4213-8892-491D3049449C}
		{8F443F73-CA00-425C-B74C-98E0D91DCD71} = {96FF51F9-A2F3-4DBB-B825-A3FC16747697}
		{FAD212A8-1FD4-4E8C-96B2-152F2F1C26F3} = {96FF51F9-A2F3-4DBB-B825-A3FC16747697}
		{88D8F453-51C3-40F2-9C8A-E1F91A7D3C43} = {96FF51F9-A2F3-4DBB-B825-A3FC16747697}
		{5A12ABFF-FC41-43B6-8C57-97309198B6FF} = {96FF51F9-A2F3-4DBB-B825-A3FC16747697}
		{EFC8FA3D-2361-4808-A52C-E1690D41A6D9} = {630C29B2-7346-47B1-A3AD-B2D8C0464A9A}
		{7BDA3A43-9335-4004-977A-BFB2EC7683A1} = {96FF51F9-A2F3-4DBB-B825-A3FC16747697}
		{107D65D4-FA06-4B51-88B6-BFE1FDF8972D} = {630C29B2-7346-47B1-A3AD-B2D8C0464A9A}
	EndGlobalSection
	GlobalSection(ExtensibilityGlobals) = postSolution
		SolutionGuid = {92BC5F49-13B8-4932-A293-07C8C85C5796}
	EndGlobalSection
EndGlobal
