
Microsoft Visual Studio Solution File, Format Version 12.00
# Visual Studio 14
VisualStudioVersion = 14.0.23107.0
MinimumVisualStudioVersion = 10.0.40219.1
Project("{2150E333-8FDC-42A3-9474-1A3956D46DE8}") = "src", "src", "{D1A41606-5EFC-436F-9D9A-AE75D4433214}"
EndProject
Project("{8BB2217D-0F2D-49D1-97BC-3654ED321F3B}") = "Owin.Security.OpenIdConnect.Extensions", "src\Owin.Security.OpenIdConnect.Extensions\Owin.Security.OpenIdConnect.Extensions.xproj", "{169AF883-34C4-4A39-85F7-13C94AD9D678}"
EndProject
Project("{8BB2217D-0F2D-49D1-97BC-3654ED321F3B}") = "Owin.Security.OpenIdConnect.Server", "src\Owin.Security.OpenIdConnect.Server\Owin.Security.OpenIdConnect.Server.xproj", "{84A2AA3D-F33A-4908-AEBE-6653CDA75844}"
EndProject
Project("{2150E333-8FDC-42A3-9474-1A3956D46DE8}") = "samples", "samples", "{CD12A9C2-EB2E-42DC-A4DA-A973307BB912}"
EndProject
Project("{2150E333-8FDC-42A3-9474-1A3956D46DE8}") = "Nancy", "Nancy", "{EA16048E-A9C0-4213-8892-491D3049449C}"
EndProject
Project("{8BB2217D-0F2D-49D1-97BC-3654ED321F3B}") = "Nancy.Client", "samples\Nancy\Nancy.Client\Nancy.Client.xproj", "{922B11BE-16FF-4CD8-9C42-DD59613C1389}"
EndProject
Project("{8BB2217D-0F2D-49D1-97BC-3654ED321F3B}") = "Nancy.Server", "samples\Nancy\Nancy.Server\Nancy.Server.xproj", "{E970D74E-B32C-4323-8A22-92862AEA5344}"
EndProject
Global
	GlobalSection(SolutionConfigurationPlatforms) = preSolution
		Debug|Any CPU = Debug|Any CPU
		Release|Any CPU = Release|Any CPU
	EndGlobalSection
	GlobalSection(ProjectConfigurationPlatforms) = postSolution
		{169AF883-34C4-4A39-85F7-13C94AD9D678}.Debug|Any CPU.ActiveCfg = Debug|Any CPU
		{169AF883-34C4-4A39-85F7-13C94AD9D678}.Debug|Any CPU.Build.0 = Debug|Any CPU
		{169AF883-34C4-4A39-85F7-13C94AD9D678}.Release|Any CPU.ActiveCfg = Release|Any CPU
		{169AF883-34C4-4A39-85F7-13C94AD9D678}.Release|Any CPU.Build.0 = Release|Any CPU
		{84A2AA3D-F33A-4908-AEBE-6653CDA75844}.Debug|Any CPU.ActiveCfg = Debug|Any CPU
		{84A2AA3D-F33A-4908-AEBE-6653CDA75844}.Debug|Any CPU.Build.0 = Debug|Any CPU
		{84A2AA3D-F33A-4908-AEBE-6653CDA75844}.Release|Any CPU.ActiveCfg = Release|Any CPU
		{84A2AA3D-F33A-4908-AEBE-6653CDA75844}.Release|Any CPU.Build.0 = Release|Any CPU
		{922B11BE-16FF-4CD8-9C42-DD59613C1389}.Debug|Any CPU.ActiveCfg = Debug|Any CPU
		{922B11BE-16FF-4CD8-9C42-DD59613C1389}.Debug|Any CPU.Build.0 = Debug|Any CPU
		{922B11BE-16FF-4CD8-9C42-DD59613C1389}.Release|Any CPU.ActiveCfg = Release|Any CPU
		{922B11BE-16FF-4CD8-9C42-DD59613C1389}.Release|Any CPU.Build.0 = Release|Any CPU
		{E970D74E-B32C-4323-8A22-92862AEA5344}.Debug|Any CPU.ActiveCfg = Debug|Any CPU
		{E970D74E-B32C-4323-8A22-92862AEA5344}.Debug|Any CPU.Build.0 = Debug|Any CPU
		{E970D74E-B32C-4323-8A22-92862AEA5344}.Release|Any CPU.ActiveCfg = Release|Any CPU
		{E970D74E-B32C-4323-8A22-92862AEA5344}.Release|Any CPU.Build.0 = Release|Any CPU
	EndGlobalSection
	GlobalSection(SolutionProperties) = preSolution
		HideSolutionNode = FALSE
	EndGlobalSection
	GlobalSection(NestedProjects) = preSolution
		{169AF883-34C4-4A39-85F7-13C94AD9D678} = {D1A41606-5EFC-436F-9D9A-AE75D4433214}
		{84A2AA3D-F33A-4908-AEBE-6653CDA75844} = {D1A41606-5EFC-436F-9D9A-AE75D4433214}
		{EA16048E-A9C0-4213-8892-491D3049449C} = {CD12A9C2-EB2E-42DC-A4DA-A973307BB912}
		{922B11BE-16FF-4CD8-9C42-DD59613C1389} = {EA16048E-A9C0-4213-8892-491D3049449C}
		{E970D74E-B32C-4323-8A22-92862AEA5344} = {EA16048E-A9C0-4213-8892-491D3049449C}
	EndGlobalSection
EndGlobal
